{
  "version": 1,
  "dependencies": {
    "net10.0-windows7.0": {
      "FlaUI.UIA3": {
        "type": "Direct",
        "requested": "[5.0.0, )",
        "resolved": "5.0.0",
        "contentHash": "s1Yy1RsRJ0OXvmtxQlNJd0cu4sfvN3PFFu6skBGK8VlwPl/b38E0V5kCbo2gvkuhRIu4Itfxjdo7DUMF7qJw4Q==",
        "dependencies": {
          "FlaUI.Core": "5.0.0",
          "Interop.UIAutomationClient": "10.19041.0"
        }
      },
      "MSTest": {
        "type": "Direct",
        "requested": "[4.5.1, )",
        "resolved": "4.5.1",
        "contentHash": "6Jijw10e/p9SE+Eb9g0A5iVX/Ozyh4x2BdRmv8BRkGKkvsHqV+J2oHvr8Ihl7xi77/6MffE0GVx8qHrpds5iHA==",
        "dependencies": {
          "MSTest.TestAdapter": "4.5.1",
          "MSTest.TestFramework": "4.5.1",
          "Microsoft.NET.Test.Sdk": "18.10.1",
          "Microsoft.Testing.Extensions.CodeCoverage": "18.12.0",
          "Microsoft.Testing.Extensions.TrxReport": "2.5.1"
        }
      },
      "FlaUI.Core": {
        "type": "Transitive",
        "resolved": "5.0.0",
        "contentHash": "VWWYqwjsYkii2BrUsz5+bpXEp27NherKhLt19hTxHwJP4KrfyZoeo1FdBov4ZTh655wZAKDGIjR7NJLDesuzeg==",
        "dependencies": {
          "System.Diagnostics.PerformanceCounter": "8.0.1",
          "System.Drawing.Common": "8.0.10",
          "System.Management": "8.0.0",
          "System.Security.Permissions": "8.0.0"
        }
      },
      "Interop.UIAutomationClient": {
        "type": "Transitive",
        "resolved": "10.19041.0",
        "contentHash": "Me5vKNZ1JSg6txTsPQXaWx7fVNh+fmcUPPwtDKJtqvbMM0N8aoa/l/QPolkJIRnasCabCNt4v2zG4p1Q9HU98A=="
      },
      "Microsoft.ApplicationInsights": {
        "type": "Transitive",
        "resolved": "2.23.0",
        "contentHash": "nWArUZTdU7iqZLycLKWe0TDms48KKGE6pONH2terYNa8REXiqixrMOkf1sk5DHGMaUTqONU2YkS4SAXBhLStgw=="
      },
      "Microsoft.CodeCoverage": {
        "type": "Transitive",
        "resolved": "18.10.1",
        "contentHash": "tV7tCyp/t+DuwQugLkCeUN7NBFFB4fEGRPr0gkMQ2nQgAvQQjmGlZZi1dsLzbyoe/A0mbnKybmkIh8qhT9p4Zw=="
      },
      "Microsoft.DiaSymReader": {
        "type": "Transitive",
        "resolved": "2.2.10",
        "contentHash": "zmGsm6b2y3STDa/Of7rdkkfTDV8VuGB8aCqIkLoJIQh5tL78K3zJ8OUyFKnfsaORXmGr9iOKwDkZfUjeXi+CwA=="
      },
      "Microsoft.Extensions.DependencyModel": {
        "type": "Transitive",
        "resolved": "10.0.10",
        "contentHash": "rfZA1RjR021RPqSmIPovfz2aOd79TGqJ9BengbjnzIISOVwjLmuSDnhCMmiY/1c6iYvGolQ1iNGzkav0u11XEA=="
      },
      "Microsoft.NET.Test.Sdk": {
        "type": "Transitive",
        "resolved": "18.10.1",
        "contentHash": "SxCFvJE/2ltUQgCgv6+Ixagohw4sZc9hM7Wid2foaNM7paBscktoHLoRDz91fW8wbHG87Rg9Ku59/8PXumqUrA==",
        "dependencies": {
          "Microsoft.CodeCoverage": "18.10.1",
          "Microsoft.TestPlatform.TestHost": "18.10.1"
        }
      },
      "Microsoft.Testing.Extensions.CodeCoverage": {
        "type": "Transitive",
        "resolved": "18.12.0",
        "contentHash": "BST/sWYpKk9OXO7Yxktcg6FWORRsHU0EdCbMwZ7d3OqJsMKlrNHIZ30g0Ib4k5T5acJYXRBmg9mNrTU/N6cy1g==",
        "dependencies": {
          "Microsoft.DiaSymReader": "2.2.10",
          "Microsoft.Extensions.DependencyModel": "10.0.10",
          "Microsoft.Testing.Platform": "2.5.0",
          "Mono.Cecil": "0.11.6"
        }
      },
      "Microsoft.Testing.Extensions.Telemetry": {
        "type": "Transitive",
        "resolved": "2.5.1",
        "contentHash": "mu2iyoHovwl0q1mGeeRU0h8+LALXC7HqbxniLa1shTKYdJGl+KPoCEgjWIQ8MLzk1tlTGPOfg1JsxdH3RxhMCA==",
        "dependencies": {
          "Microsoft.ApplicationInsights": "2.23.0",
          "Microsoft.Testing.Platform": "[2.5.1, 3.0.0)"
        }
      },
      "Microsoft.Testing.Extensions.TrxReport": {
        "type": "Transitive",
        "resolved": "2.5.1",
        "contentHash": "NHqpG2UAVsXoNnNZtyIjxgsfPe9N/E6eTHjHCs7uaSbdOCOsbX5I7N0d1BHyjM7vv3Q5R2nlvngKSHWT+ZCRXQ==",
        "dependencies": {
          "Microsoft.Testing.Extensions.TrxReport.Abstractions": "2.5.1",
          "Microsoft.Testing.Platform": "[2.5.1, 3.0.0)"
        }
      },
      "Microsoft.Testing.Extensions.TrxReport.Abstractions": {
        "type": "Transitive",
        "resolved": "2.5.1",
        "contentHash": "DYTZAguaHz0wNJdHDTTGYOXtnlDoLoIbTMDKSApNNcytm55DJcnwpwELfQGLk5DB5QlgaEjNhnGo1Pu5QvL5VA==",
        "dependencies": {
          "Microsoft.Testing.Platform": "[2.5.1, 3.0.0)"
        }
      },
      "Microsoft.Testing.Platform": {
        "type": "Transitive",
        "resolved": "2.5.1",
        "contentHash": "FAMaFFWnULW+hDHMb40Qzhcgz9cAU2/EtgRCBNX/DdQoKo0sPG2EiY+w7bQdl/BgHnf/DbpXLbf5Xy0o15M8NA=="
      },
      "Microsoft.Testing.Platform.MSBuild": {
        "type": "Transitive",
        "resolved": "2.5.1",
        "contentHash": "lYawcAwY+h76rQmpma2n0HaL8zkOFbbKapso0Eb+uOAUQn7333pIByLftEuiO67csAoZufHNMwi6PqhNemWQXA==",
        "dependencies": {
          "Microsoft.Testing.Platform": "[2.5.1, 3.0.0)"
        }
      },
      "Microsoft.TestPlatform.ObjectModel": {
        "type": "Transitive",
        "resolved": "18.10.1",
        "contentHash": "o+PuLDRVp1iwiVAPBADZItXgm9Ck23XtPhE4kZtZVi0uYnMiiz1Dx9Cjh75kJ+ijfqnORL3VOTOaQVKi0f/ixg=="
      },
      "Microsoft.TestPlatform.TestHost": {
        "type": "Transitive",
        "resolved": "18.10.1",
        "contentHash": "KYz2omqkoz9E2mWa4fdgT+Ycie1wi5968EmyJlusjlp87RxxtA2FvDm8tcBEYIDzLnkWGnsKjE4d13Z7/rxkQA==",
        "dependencies": {
          "Microsoft.TestPlatform.ObjectModel": "18.10.1"
        }
      },
      "Microsoft.Win32.SystemEvents": {
        "type": "Transitive",
        "resolved": "8.0.0",
        "contentHash": "9opKRyOKMCi2xJ7Bj7kxtZ1r9vbzosMvRrdEhVhDz8j8MoBGgB+WmC94yH839NPH+BclAjtQ/pyagvi/8gDLkw=="
      },
      "Mono.Cecil": {
        "type": "Transitive",
        "resolved": "0.11.6",
        "contentHash": "f33RkDtZO8VlGXCtmQIviOtxgnUdym9xx/b1p9h91CRGOsJFxCFOFK1FDbVt1OCf1aWwYejUFa2MOQyFWTFjbA=="
      },
      "MSTest.Analyzers": {
        "type": "Transitive",
        "resolved": "4.5.1",
        "contentHash": "oa0w2QC/T3U+ulUn38AmbWE/wnEMtqSFRb2z277z5SpswqNc/ySWcAVlG1qEWUxzm+NztCjkoeLAn/83gIx3ug=="
      },
      "MSTest.TestAdapter": {
        "type": "Transitive",
        "resolved": "4.5.1",
        "contentHash": "0q9TkkpOF3YjXGMfjcQG5bftpu/NPhVqKFL4DLUDJK6CGO4si5z+PVxVL1fM6TXEFSHnCM09E1691nhn8GUTYg==",
        "dependencies": {
          "MSTest.TestFramework": "4.5.1",
          "Microsoft.TestPlatform.ObjectModel": "18.10.1",
          "Microsoft.Testing.Extensions.Telemetry": "2.5.1",
          "Microsoft.Testing.Extensions.TrxReport.Abstractions": "2.5.1",
          "Microsoft.Testing.Platform.MSBuild": "2.5.1"
        }
      },
      "MSTest.TestFramework": {
        "type": "Transitive",
        "resolved": "4.5.1",
        "contentHash": "mdYgQYAtDGq/IixJq7oD6VvIYAz+mRniGMxyhlZ2wQOpIeFe6oFQ/RniT3i7c3ZfCTKykhI6AB0wqRYVEWZDgQ==",
        "dependencies": {
          "MSTest.Analyzers": "4.5.1"
        }
      },
      "System.CodeDom": {
        "type": "Transitive",
        "resolved": "8.0.0",
        "contentHash": "WTlRjL6KWIMr/pAaq3rYqh0TJlzpouaQ/W1eelssHgtlwHAH25jXTkUphTYx9HaIIf7XA6qs/0+YhtLEQRkJ+Q=="
      },
      "System.Configuration.ConfigurationManager": {
        "type": "Transitive",
        "resolved": "8.0.1",
        "contentHash": "gPYFPDyohW2gXNhdQRSjtmeS6FymL2crg4Sral1wtvEJ7DUqFCDWDVbbLobASbzxfic8U1hQEdC7hmg9LHncMw==",
        "dependencies": {
          "System.Diagnostics.EventLog": "8.0.1",
          "System.Security.Cryptography.ProtectedData": "8.0.0"
        }
      },
      "System.Diagnostics.EventLog": {
        "type": "Transitive",
        "resolved": "8.0.1",
        "contentHash": "n1ZP7NM2Gkn/MgD8+eOT5MulMj6wfeQMNS2Pizvq5GHCZfjlFMXV2irQlQmJhwA2VABC57M0auudO89Iu2uRLg=="
      },
      "System.Diagnostics.PerformanceCounter": {
        "type": "Transitive",
        "resolved": "8.0.1",
        "contentHash": "9RfEDiEjlUADeThs8IPdDVTXSnPRSqjfgTQJALpmGFPKC0k2mbdufOXnb/9JZ4I0TkmxOfy3VTJxrHOJSs8cXg==",
        "dependencies": {
          "System.Configuration.ConfigurationManager": "8.0.1"
        }
      },
      "System.Drawing.Common": {
        "type": "Transitive",
        "resolved": "8.0.10",
        "contentHash": "MdajRp3P+FOlThgY6FBjAqnmLiVl5t2yWEC/2AsDMqx1zYbJG3G5TnscFBQ4obqcaGqvN5UnhQHSFaJFG2HftQ==",
        "dependencies": {
          "Microsoft.Win32.SystemEvents": "8.0.0"
        }
      },
      "System.Management": {
        "type": "Transitive",
        "resolved": "8.0.0",
        "contentHash": "jrK22i5LRzxZCfGb+tGmke2VH7oE0DvcDlJ1HAKYU8cPmD8XnpUT0bYn2Gy98GEhGjtfbR/sxKTVb+dE770pfA==",
        "dependencies": {
          "System.CodeDom": "8.0.0"
        }
      },
      "System.Security.Cryptography.ProtectedData": {
        "type": "Transitive",
        "resolved": "8.0.0",
        "contentHash": "+TUFINV2q2ifyXauQXRwy4CiBhqvDEDZeVJU7qfxya4aRYOKzVBpN+4acx25VcPB9ywUN6C0n8drWl110PhZEg=="
      },
      "System.Security.Permissions": {
        "type": "Transitive",
        "resolved": "8.0.0",
        "contentHash": "v/BBylw7XevuAsHXoX9dDUUfmBIcUf7Lkz8K3ZXIKz3YRKpw8YftpSir4n4e/jDTKFoaK37AsC3xnk+GNFI1Ow==",
        "dependencies": {
          "System.Windows.Extensions": "8.0.0"
        }
      },
      "System.Windows.Extensions": {
        "type": "Transitive",
        "resolved": "8.0.0",
        "contentHash": "Obg3a90MkOw9mYKxrardLpY2u0axDMrSmy4JCdq2cYbelM2cUwmUir5Bomvd1yxmPL9h5LVHU1tuKBZpUjfASg=="
      }
    }
  }
}